
Microsoft Visual Studio Solution File, Format Version 12.00
# Visual Studio 15
VisualStudioVersion = 15.0.27703.2000
MinimumVisualStudioVersion = 10.0.40219.1
Project("{9A19103F-16F7-4668-BE54-9A1E7A4F7556}") = "Web", "web\Web.csproj", "{D7CB231A-CBD6-4EED-B12E-A22BE58E5A65}"
EndProject
Project("{FAE04EC0-301F-11D3-BF4B-00C04F79EFBC}") = "UpdateFamily", "revit\UpdateFamily.csproj", "{1B28EA8E-0AB5-47C4-8BEA-A08D3FAD3C7C}"
EndProject
Global
	GlobalSection(SolutionConfigurationPlatforms) = preSolution
		Debug|Any CPU = Debug|Any CPU
		Release|Any CPU = Release|Any CPU
	EndGlobalSection
	GlobalSection(ProjectConfigurationPlatforms) = postSolution
		{D7CB231A-CBD6-4EED-B12E-A22BE58E5A65}.Debug|Any CPU.ActiveCfg = Debug|Any CPU
		{D7CB231A-CBD6-4EED-B12E-A22BE58E5A65}.Debug|Any CPU.Build.0 = Debug|Any CPU
		{D7CB231A-CBD6-4EED-B12E-A22BE58E5A65}.Release|Any CPU.ActiveCfg = Release|Any CPU
		{D7CB231A-CBD6-4EED-B12E-A22BE58E5A65}.Release|Any CPU.Build.0 = Release|Any CPU
		{1B28EA8E-0AB5-47C4-8BEA-A08D3FAD3C7C}.Debug|Any CPU.ActiveCfg = Debug|Any CPU
		{1B28EA8E-0AB5-47C4-8BEA-A08D3FAD3C7C}.Debug|Any CPU.Build.0 = Debug|Any CPU
		{1B28EA8E-0AB5-47C4-8BEA-A08D3FAD3C7C}.Release|Any CPU.ActiveCfg = Release|Any CPU
		{1B28EA8E-0AB5-47C4-8BEA-A08D3FAD3C7C}.Release|Any CPU.Build.0 = Release|Any CPU
	EndGlobalSection
	GlobalSection(SolutionProperties) = preSolution
		HideSolutionNode = FALSE
	EndGlobalSection
	GlobalSection(ExtensibilityGlobals) = postSolution
		SolutionGuid = {5E584C29-605D-4898-9177-B046887CFA0C}
	EndGlobalSection
EndGlobal
